// !$*UTF8*$!
{
	archiveVersion = 1;
	classes = {
	};
	objectVersion = 46;
	objects = {

/* Begin PBXBuildFile section */
		033C93EA199CF5380054AD08 /* AppDelegate.swift in Sources */ = {isa = PBXBuildFile; fileRef = 033C93E9199CF5380054AD08 /* AppDelegate.swift */; };
		033C93EC199CF5380054AD08 /* ViewController.swift in Sources */ = {isa = PBXBuildFile; fileRef = 033C93EB199CF5380054AD08 /* ViewController.swift */; };
		033C93EF199CF5380054AD08 /* Main.storyboard in Resources */ = {isa = PBXBuildFile; fileRef = 033C93ED199CF5380054AD08 /* Main.storyboard */; };
		033C93F1199CF5380054AD08 /* Images.xcassets in Resources */ = {isa = PBXBuildFile; fileRef = 033C93F0199CF5380054AD08 /* Images.xcassets */; };
		033C9411199CFA160054AD08 /* DrawView.swift in Sources */ = {isa = PBXBuildFile; fileRef = 033C9410199CFA160054AD08 /* DrawView.swift */; };
		033C9413199CFFA30054AD08 /* Lines.swift in Sources */ = {isa = PBXBuildFile; fileRef = 033C9412199CFFA30054AD08 /* Lines.swift */; };
/* End PBXBuildFile section */

/* Begin PBXFileReference section */
		033C93E4199CF5380054AD08 /* Rafinograde.app */ = {isa = PBXFileReference; explicitFileType = wrapper.application; includeInIndex = 0; path = Rafinograde.app; sourceTree = BUILT_PRODUCTS_DIR; };
		033C93E8199CF5380054AD08 /* Info.plist */ = {isa = PBXFileReference; lastKnownFileType = text.plist.xml; path = Info.plist; sourceTree = "<group>"; };
		033C93E9199CF5380054AD08 /* AppDelegate.swift */ = {isa = PBXFileReference; lastKnownFileType = sourcecode.swift; path = AppDelegate.swift; sourceTree = "<group>"; };
		033C93EB199CF5380054AD08 /* ViewController.swift */ = {isa = PBXFileReference; lastKnownFileType = sourcecode.swift; path = ViewController.swift; sourceTree = "<group>"; };
		033C93EE199CF5380054AD08 /* Base */ = {isa = PBXFileReference; lastKnownFileType = file.storyboard; name = Base; path = Base.lproj/Main.storyboard; sourceTree = "<group>"; };
		033C93F0199CF5380054AD08 /* Images.xcassets */ = {isa = PBXFileReference; lastKnownFileType = folder.assetcatalog; path = Images.xcassets; sourceTree = "<group>"; };
		033C93FB199CF5380054AD08 /* Info.plist */ = {isa = PBXFileReference; lastKnownFileType = text.plist.xml; path = Info.plist; sourceTree = "<group>"; };
		033C93FC199CF5380054AD08 /* drawSourceTests.swift */ = {isa = PBXFileReference; lastKnownFileType = sourcecode.swift; path = drawSourceTests.swift; sourceTree = "<group>"; };
		033C9410199CFA160054AD08 /* DrawView.swift */ = {isa = PBXFileReference; fileEncoding = 4; lastKnownFileType = sourcecode.swift; path = DrawView.swift; sourceTree = "<group>"; };
		033C9412199CFFA30054AD08 /* Lines.swift */ = {isa = PBXFileReference; fileEncoding = 4; lastKnownFileType = sourcecode.swift; path = Lines.swift; sourceTree = "<group>"; };
/* End PBXFileReference section */

/* Begin PBXFrameworksBuildPhase section */
		033C93E1199CF5380054AD08 /* Frameworks */ = {
			isa = PBXFrameworksBuildPhase;
			buildActionMask = 2147483647;
			files = (
			);
			runOnlyForDeploymentPostprocessing = 0;
		};
/* End PBXFrameworksBuildPhase section */

/* Begin PBXGroup section */
		033C93DB199CF5380054AD08 = {
			isa = PBXGroup;
			children = (
				033C93E6199CF5380054AD08 /* drawSource */,
				033C93F9199CF5380054AD08 /* drawSourceTests */,
				033C93E5199CF5380054AD08 /* Products */,
			);
			sourceTree = "<group>";
		};
		033C93E5199CF5380054AD08 /* Products */ = {
			isa = PBXGroup;
			children = (
				033C93E4199CF5380054AD08 /* Rafinograde.app */,
			);
			name = Products;
			sourceTree = "<group>";
		};
		033C93E6199CF5380054AD08 /* drawSource */ = {
			isa = PBXGroup;
			children = (
				033C93E9199CF5380054AD08 /* AppDelegate.swift */,
				033C93EB199CF5380054AD08 /* ViewController.swift */,
				033C9412199CFFA30054AD08 /* Lines.swift */,
				033C9410199CFA160054AD08 /* DrawView.swift */,
				033C93ED199CF5380054AD08 /* Main.storyboard */,
				033C93F0199CF5380054AD08 /* Images.xcassets */,
				033C93E7199CF5380054AD08 /* Supporting Files */,
			);
			path = drawSource;
			sourceTree = "<group>";
		};
		033C93E7199CF5380054AD08 /* Supporting Files */ = {
			isa = PBXGroup;
			children = (
				033C93E8199CF5380054AD08 /* Info.plist */,
			);
			name = "Supporting Files";
			sourceTree = "<group>";
		};
		033C93F9199CF5380054AD08 /* drawSourceTests */ = {
			isa = PBXGroup;
			children = (
				033C93FC199CF5380054AD08 /* drawSourceTests.swift */,
				033C93FA199CF5380054AD08 /* Supporting Files */,
			);
			path = drawSourceTests;
			sourceTree = "<group>";
		};
		033C93FA199CF5380054AD08 /* Supporting Files */ = {
			isa = PBXGroup;
			children = (
				033C93FB199CF5380054AD08 /* Info.plist */,
			);
			name = "Supporting Files";
			sourceTree = "<group>";
		};
/* End PBXGroup section */

/* Begin PBXNativeTarget section */
		033C93E3199CF5380054AD08 /* Rafinograde */ = {
			isa = PBXNativeTarget;
			buildConfigurationList = 033C9400199CF5380054AD08 /* Build configuration list for PBXNativeTarget "Rafinograde" */;
			buildPhases = (
				033C93E0199CF5380054AD08 /* Sources */,
				033C93E1199CF5380054AD08 /* Frameworks */,
				033C93E2199CF5380054AD08 /* Resources */,
			);
			buildRules = (
			);
			dependencies = (
			);
			name = Rafinograde;
			productName = drawSource;
			productReference = 033C93E4199CF5380054AD08 /* Rafinograde.app */;
			productType = "com.apple.product-type.application";
		};
/* End PBXNativeTarget section */

/* Begin PBXProject section */
		033C93DC199CF5380054AD08 /* Project object */ = {
			isa = PBXProject;
			attributes = {
				LastUpgradeCheck = 0600;
				ORGANIZATIONNAME = XXIIVV;
				TargetAttributes = {
					033C93E3199CF5380054AD08 = {
						CreatedOnToolsVersion = 6.0;
					};
				};
			};
			buildConfigurationList = 033C93DF199CF5380054AD08 /* Build configuration list for PBXProject "Rafinograde" */;
			compatibilityVersion = "Xcode 3.2";
			developmentRegion = English;
			hasScannedForEncodings = 0;
			knownRegions = (
				en,
				Base,
			);
			mainGroup = 033C93DB199CF5380054AD08;
			productRefGroup = 033C93E5199CF5380054AD08 /* Products */;
			projectDirPath = "";
			projectRoot = "";
			targets = (
				033C93E3199CF5380054AD08 /* Rafinograde */,
			);
		};
/* End PBXProject section */

/* Begin PBXResourcesBuildPhase section */
		033C93E2199CF5380054AD08 /* Resources */ = {
			isa = PBXResourcesBuildPhase;
			buildActionMask = 2147483647;
			files = (
				033C93EF199CF5380054AD08 /* Main.storyboard in Resources */,
				033C93F1199CF5380054AD08 /* Images.xcassets in Resources */,
			);
			runOnlyForDeploymentPostprocessing = 0;
		};
/* End PBXResourcesBuildPhase section */

/* Begin PBXSourcesBuildPhase section */
		033C93E0199CF5380054AD08 /* Sources */ = {
			isa = PBXSourcesBuildPhase;
			buildActionMask = 2147483647;
			files = (
				033C93EC199CF5380054AD08 /* ViewController.swift in Sources */,
				033C9413199CFFA30054AD08 /* Lines.swift in Sources */,
				033C9411199CFA160054AD08 /* DrawView.swift in Sources */,
				033C93EA199CF5380054AD08 /* AppDelegate.swift in Sources */,
			);
			runOnlyForDeploymentPostprocessing = 0;
		};
/* End PBXSourcesBuildPhase section */

/* Begin PBXVariantGroup section */
		033C93ED199CF5380054AD08 /* Main.storyboard */ = {
			isa = PBXVariantGroup;
			children = (
				033C93EE199CF5380054AD08 /* Base */,
			);
			name = Main.storyboard;
			sourceTree = "<group>";
		};
/* End PBXVariantGroup section */

/* Begin XCBuildConfiguration section */
		033C93FE199CF5380054AD08 /* Debug */ = {
			isa = XCBuildConfiguration;
			buildSettings = {
				ALWAYS_SEARCH_USER_PATHS = NO;
				CLANG_CXX_LANGUAGE_STANDARD = "gnu++0x";
				CLANG_CXX_LIBRARY = "libc++";
				CLANG_ENABLE_MODULES = YES;
				CLANG_ENABLE_OBJC_ARC = YES;
				CLANG_WARN_BOOL_CONVERSION = YES;
				CLANG_WARN_CONSTANT_CONVERSION = YES;
				CLANG_WARN_DIRECT_OBJC_ISA_USAGE = YES_ERROR;
				CLANG_WARN_EMPTY_BODY = YES;
				CLANG_WARN_ENUM_CONVERSION = YES;
				CLANG_WARN_INT_CONVERSION = YES;
				CLANG_WARN_OBJC_ROOT_CLASS = YES_ERROR;
				CLANG_WARN_UNREACHABLE_CODE = YES;
				CLANG_WARN__DUPLICATE_METHOD_MATCH = YES;
				"CODE_SIGN_IDENTITY[sdk=iphoneos*]" = "iPhone Developer";
				COPY_PHASE_STRIP = NO;
				ENABLE_STRICT_OBJC_MSGSEND = YES;
				GCC_C_LANGUAGE_STANDARD = gnu99;
				GCC_DYNAMIC_NO_PIC = NO;
				GCC_OPTIMIZATION_LEVEL = 0;
				GCC_PREPROCESSOR_DEFINITIONS = (
					"DEBUG=1",
					"$(inherited)",
				);
				GCC_SYMBOLS_PRIVATE_EXTERN = NO;
				GCC_WARN_64_TO_32_BIT_CONVERSION = YES;
				GCC_WARN_ABOUT_RETURN_TYPE = YES_ERROR;
				GCC_WARN_UNDECLARED_SELECTOR = YES;
				GCC_WARN_UNINITIALIZED_AUTOS = YES_AGGRESSIVE;
				GCC_WARN_UNUSED_FUNCTION = YES;
				GCC_WARN_UNUSED_VARIABLE = YES;
				IPHONEOS_DEPLOYMENT_TARGET = 8.0;
				MTL_ENABLE_DEBUG_INFO = YES;
				ONLY_ACTIVE_ARCH = YES;
				SDKROOT = iphoneos;
				SWIFT_OPTIMIZATION_LEVEL = "-Onone";
			};
			name = Debug;
		};
		033C93FF199CF5380054AD08 /* Release */ = {
			isa = XCBuildConfiguration;
			buildSettings = {
				ALWAYS_SEARCH_USER_PATHS = NO;
				CLANG_CXX_LANGUAGE_STANDARD = "gnu++0x";
				CLANG_CXX_LIBRARY = "libc++";
				CLANG_ENABLE_MODULES = YES;
				CLANG_ENABLE_OBJC_ARC = YES;
				CLANG_WARN_BOOL_CONVERSION = YES;
				CLANG_WARN_CONSTANT_CONVERSION = YES;
				CLANG_WARN_DIRECT_OBJC_ISA_USAGE = YES_ERROR;
				CLANG_WARN_EMPTY_BODY = YES;
				CLANG_WARN_ENUM_CONVERSION = YES;
				CLANG_WARN_INT_CONVERSION = YES;
				CLANG_WARN_OBJC_ROOT_CLASS = YES_ERROR;
				CLANG_WARN_UNREACHABLE_CODE = YES;
				CLANG_WARN__DUPLICATE_METHOD_MATCH = YES;
				"CODE_SIGN_IDENTITY[sdk=iphoneos*]" = "iPhone Developer";
				COPY_PHASE_STRIP = YES;
				ENABLE_NS_ASSERTIONS = NO;
				ENABLE_STRICT_OBJC_MSGSEND = YES;
				GCC_C_LANGUAGE_STANDARD = gnu99;
				GCC_WARN_64_TO_32_BIT_CONVERSION = YES;
				GCC_WARN_ABOUT_RETURN_TYPE = YES_ERROR;
				GCC_WARN_UNDECLARED_SELECTOR = YES;
				GCC_WARN_UNINITIALIZED_AUTOS = YES_AGGRESSIVE;
				GCC_WARN_UNUSED_FUNCTION = YES;
				GCC_WARN_UNUSED_VARIABLE = YES;
				IPHONEOS_DEPLOYMENT_TARGET = 8.0;
				MTL_ENABLE_DEBUG_INFO = NO;
				SDKROOT = iphoneos;
				VALIDATE_PRODUCT = YES;
			};
			name = Release;
		};
		033C9401199CF5380054AD08 /* Debug */ = {
			isa = XCBuildConfiguration;
			buildSettings = {
				ASSETCATALOG_COMPILER_APPICON_NAME = AppIcon;
				ASSETCATALOG_COMPILER_LAUNCHIMAGE_NAME = LaunchImage;
				INFOPLIST_FILE = drawSource/Info.plist;
				LD_RUNPATH_SEARCH_PATHS = "$(inherited) @executable_path/Frameworks";
				PRODUCT_NAME = Rafinograde;
			};
			name = Debug;
		};
		033C9402199CF5380054AD08 /* Release */ = {
			isa = XCBuildConfiguration;
			buildSettings = {
				ASSETCATALOG_COMPILER_APPICON_NAME = AppIcon;
				ASSETCATALOG_COMPILER_LAUNCHIMAGE_NAME = LaunchImage;
				INFOPLIST_FILE = drawSource/Info.plist;
				LD_RUNPATH_SEARCH_PATHS = "$(inherited) @executable_path/Frameworks";
				PRODUCT_NAME = Rafinograde;
			};
			name = Release;
		};
/* End XCBuildConfiguration section */

/* Begin XCConfigurationList section */
		033C93DF199CF5380054AD08 /* Build configuration list for PBXProject "Rafinograde" */ = {
			isa = XCConfigurationList;
			buildConfigurations = (
				033C93FE199CF5380054AD08 /* Debug */,
				033C93FF199CF5380054AD08 /* Release */,
			);
			defaultConfigurationIsVisible = 0;
			defaultConfigurationName = Release;
		};
		033C9400199CF5380054AD08 /* Build configuration list for PBXNativeTarget "Rafinograde" */ = {
			isa = XCConfigurationList;
			buildConfigurations = (
				033C9401199CF5380054AD08 /* Debug */,
				033C9402199CF5380054AD08 /* Release */,
			);
			defaultConfigurationIsVisible = 0;
			defaultConfigurationName = Release;
		};
/* End XCConfigurationList section */
	};
	rootObject = 033C93DC199CF5380054AD08 /* Project object */;
}
